# generated by rye
# use `rye lock` or `rye sync` to update this lockfile
#
# last locked with the following flags:
#   pre: false
#   features: []
#   all-features: false
#   with-sources: false
#   generate-hashes: false
#   universal: false

-e file:.
amqp==5.3.1
    # via kombu
bcrypt==4.3.0
    # via scoring-engine
billiard==4.2.4
    # via celery
blinker==1.9.0
    # via flask
cachelib==0.13.0
    # via flask-caching
celery==5.5.3
    # via scoring-engine
cffi==2.0.0
    # via cryptography
click==8.3.1
    # via celery
    # via click-didyoumean
    # via click-plugins
    # via click-repl
    # via flask
click-didyoumean==0.3.1
    # via celery
click-plugins==1.1.1.2
    # via celery
click-repl==0.3.0
    # via celery
configparser==7.2.0
    # via scoring-engine
cryptography==44.0.1
    # via scoring-engine
flask==3.1.2
    # via flask-caching
    # via flask-login
    # via flask-sqlalchemy
    # via flask-wtf
    # via scoring-engine
flask-caching==2.3.1
    # via scoring-engine
flask-login==0.6.3
    # via scoring-engine
flask-sqlalchemy==3.1.1
    # via scoring-engine
flask-wtf==1.2.2
    # via scoring-engine
greenlet==3.3.0
    # via sqlalchemy
itsdangerous==2.2.0
    # via flask
    # via flask-wtf
jinja2==3.1.6
    # via flask
kombu==5.5.4
    # via celery
markupsafe==3.0.3
    # via flask
    # via jinja2
    # via werkzeug
    # via wtforms
mysqlclient==2.2.7
    # via scoring-engine
packaging==25.0
    # via kombu
prompt-toolkit==3.0.52
    # via click-repl
pycparser==2.23
    # via cffi
python-dateutil==2.9.0.post0
    # via celery
    # via scoring-engine
pytz==2025.2
    # via scoring-engine
pyyaml==6.0.2
    # via scoring-engine
ranking==0.3.2
    # via scoring-engine
redis==5.2.1
    # via kombu
six==1.17.0
    # via python-dateutil
sqlalchemy==2.0.45
    # via flask-sqlalchemy
typing-extensions==4.15.0
    # via sqlalchemy
tzdata==2025.3
    # via kombu
uwsgi==2.0.31
    # via scoring-engine
vine==5.1.0
    # via amqp
    # via celery
    # via kombu
wcwidth==0.2.14
    # via prompt-toolkit
werkzeug==3.1.4
    # via flask
    # via flask-login
    # via scoring-engine
wtforms==3.2.1
    # via flask-wtf
